
Microsoft Visual Studio Solution File, Format Version 12.00
# Visual Studio 15
VisualStudioVersion = 15.0.26730.16
MinimumVisualStudioVersion = 10.0.40219.1
Project("{2150E333-8FDC-42A3-9474-1A3956D46DE8}") = "Core", "Core", "{C09DF1E8-6AC4-403D-BAE0-4F716F9C0A8B}"
EndProject
Project("{2150E333-8FDC-42A3-9474-1A3956D46DE8}") = "TestingTools", "TestingTools", "{5C1CD4C4-F32F-4721-9678-3B75714C835E}"
EndProject
Project("{2150E333-8FDC-42A3-9474-1A3956D46DE8}") = "Examples", "Examples", "{4795123D-C0BD-417E-B889-0D19D2848F8C}"
EndProject
Project("{2150E333-8FDC-42A3-9474-1A3956D46DE8}") = "Tests", "Tests", "{91473ED3-EA37-42A6-AC4F-7D487187257A}"
EndProject
Project("{9A19103F-16F7-4668-BE54-9A1E7A4F7556}") = "DeKreyConsulting.AdoTestability", "DeKreyConsulting.AdoTestability\DeKreyConsulting.AdoTestability.csproj", "{8EBD7A35-EBC5-45A1-8EC5-DE0E428837BA}"
EndProject
Project("{9A19103F-16F7-4668-BE54-9A1E7A4F7556}") = "DeKreyConsulting.AdoTestability.Testing.Moq", "DeKreyConsulting.AdoTestability.Testing.Moq\DeKreyConsulting.AdoTestability.Testing.Moq.csproj", "{9FD85CB8-DAFC-4B92-8199-52C94217453E}"
EndProject
Project("{9A19103F-16F7-4668-BE54-9A1E7A4F7556}") = "DeKreyConsulting.AdoTestability.Testing.Stubs", "DeKreyConsulting.AdoTestability.Testing.Stubs\DeKreyConsulting.AdoTestability.Testing.Stubs.csproj", "{F81B6A25-42E8-4601-A0A8-AA9997D3D716}"
EndProject
Project("{9A19103F-16F7-4668-BE54-9A1E7A4F7556}") = "DeKreyConsulting.AdoTestability.Testing.SqlServer", "DeKreyConsulting.AdoTestability.Testing.SqlServer\DeKreyConsulting.AdoTestability.Testing.SqlServer.csproj", "{A8965E01-C536-4D95-B083-EECF75E0B036}"
EndProject
Project("{9A19103F-16F7-4668-BE54-9A1E7A4F7556}") = "DeKreyConsulting.AdoTestability.Example", "DeKreyConsulting.AdoTestability.Example\DeKreyConsulting.AdoTestability.Example.csproj", "{6CC6EEA3-3EB1-4D34-B01F-4619F99CC025}"
EndProject
Project("{00D1A9C2-B5F0-4AF3-8072-F6C62B433612}") = "SampleDatabase", "SampleDatabase\SampleDatabase.sqlproj", "{04BECD05-2CB5-491B-951A-65127C6E0351}"
EndProject
Project("{9A19103F-16F7-4668-BE54-9A1E7A4F7556}") = "DeKreyConsulting.AdoTestability.Tests", "DeKreyConsulting.AdoTestability.Tests\DeKreyConsulting.AdoTestability.Tests.csproj", "{10B7252B-9FC6-48CC-B07E-162AA314D44A}"
EndProject
Project("{9A19103F-16F7-4668-BE54-9A1E7A4F7556}") = "DeKreyConsulting.AdoTestability.Testing.Sqlite", "DeKreyConsulting.AdoTestability.Testing.Sqlite\DeKreyConsulting.AdoTestability.Testing.Sqlite.csproj", "{20FD2325-ABDC-483D-9BAC-8D67BBA09B81}"
EndProject
Project("{9A19103F-16F7-4668-BE54-9A1E7A4F7556}") = "DeKreyConsulting.AdoTestability.Sqlite.Tests", "DeKreyConsulting.AdoTestability.Sqlite.Tests\DeKreyConsulting.AdoTestability.Sqlite.Tests.csproj", "{7704C50B-22DC-467C-AD00-708A397FB572}"
EndProject
Project("{9A19103F-16F7-4668-BE54-9A1E7A4F7556}") = "DeKreyConsulting.AdoTestability.Sqlite.Example", "DeKreyConsulting.AdoTestability.Sqlite.Example\DeKreyConsulting.AdoTestability.Sqlite.Example.csproj", "{5569B534-6696-466A-A508-28B215D0BB92}"
EndProject
Project("{2150E333-8FDC-42A3-9474-1A3956D46DE8}") = "Postgres", "Postgres", "{84313201-8AFD-486F-A63D-1F59A065745E}"
EndProject
Project("{9A19103F-16F7-4668-BE54-9A1E7A4F7556}") = "DeKreyConsulting.AdoTestability.Testing.Postgres", "DeKreyConsulting.AdoTestability.Testing.Postgres\DeKreyConsulting.AdoTestability.Testing.Postgres.csproj", "{71066363-718C-4BC7-AC66-79BA2AE29CCD}"
EndProject
Project("{9A19103F-16F7-4668-BE54-9A1E7A4F7556}") = "DeKreyConsulting.AdoTestability.Postgres.Tests", "DeKreyConsulting.AdoTestability.Postgres.Tests\DeKreyConsulting.AdoTestability.Postgres.Tests.csproj", "{69E620BE-5D39-46B1-B637-6F89AD0ADCDC}"
EndProject
Project("{9A19103F-16F7-4668-BE54-9A1E7A4F7556}") = "DeKreyConsulting.AdoTestability.Postgres.Example", "DeKreyConsulting.AdoTestability.Postgres.Example\DeKreyConsulting.AdoTestability.Postgres.Example.csproj", "{69ECE08B-3E97-4E2E-978E-5F32DFA9BEF1}"
EndProject
Global
	GlobalSection(SolutionConfigurationPlatforms) = preSolution
		Debug|Any CPU = Debug|Any CPU
		Release|Any CPU = Release|Any CPU
	EndGlobalSection
	GlobalSection(ProjectConfigurationPlatforms) = postSolution
		{8EBD7A35-EBC5-45A1-8EC5-DE0E428837BA}.Debug|Any CPU.ActiveCfg = Debug|Any CPU
		{8EBD7A35-EBC5-45A1-8EC5-DE0E428837BA}.Debug|Any CPU.Build.0 = Debug|Any CPU
		{8EBD7A35-EBC5-45A1-8EC5-DE0E428837BA}.Release|Any CPU.ActiveCfg = Release|Any CPU
		{8EBD7A35-EBC5-45A1-8EC5-DE0E428837BA}.Release|Any CPU.Build.0 = Release|Any CPU
		{9FD85CB8-DAFC-4B92-8199-52C94217453E}.Debug|Any CPU.ActiveCfg = Debug|Any CPU
		{9FD85CB8-DAFC-4B92-8199-52C94217453E}.Debug|Any CPU.Build.0 = Debug|Any CPU
		{9FD85CB8-DAFC-4B92-8199-52C94217453E}.Release|Any CPU.ActiveCfg = Release|Any CPU
		{9FD85CB8-DAFC-4B92-8199-52C94217453E}.Release|Any CPU.Build.0 = Release|Any CPU
		{F81B6A25-42E8-4601-A0A8-AA9997D3D716}.Debug|Any CPU.ActiveCfg = Debug|Any CPU
		{F81B6A25-42E8-4601-A0A8-AA9997D3D716}.Debug|Any CPU.Build.0 = Debug|Any CPU
		{F81B6A25-42E8-4601-A0A8-AA9997D3D716}.Release|Any CPU.ActiveCfg = Release|Any CPU
		{F81B6A25-42E8-4601-A0A8-AA9997D3D716}.Release|Any CPU.Build.0 = Release|Any CPU
		{A8965E01-C536-4D95-B083-EECF75E0B036}.Debug|Any CPU.ActiveCfg = Debug|Any CPU
		{A8965E01-C536-4D95-B083-EECF75E0B036}.Debug|Any CPU.Build.0 = Debug|Any CPU
		{A8965E01-C536-4D95-B083-EECF75E0B036}.Release|Any CPU.ActiveCfg = Release|Any CPU
		{A8965E01-C536-4D95-B083-EECF75E0B036}.Release|Any CPU.Build.0 = Release|Any CPU
		{6CC6EEA3-3EB1-4D34-B01F-4619F99CC025}.Debug|Any CPU.ActiveCfg = Debug|Any CPU
		{6CC6EEA3-3EB1-4D34-B01F-4619F99CC025}.Debug|Any CPU.Build.0 = Debug|Any CPU
		{6CC6EEA3-3EB1-4D34-B01F-4619F99CC025}.Release|Any CPU.ActiveCfg = Release|Any CPU
		{6CC6EEA3-3EB1-4D34-B01F-4619F99CC025}.Release|Any CPU.Build.0 = Release|Any CPU
		{04BECD05-2CB5-491B-951A-65127C6E0351}.Debug|Any CPU.ActiveCfg = Debug|Any CPU
		{04BECD05-2CB5-491B-951A-65127C6E0351}.Debug|Any CPU.Build.0 = Debug|Any CPU
		{04BECD05-2CB5-491B-951A-65127C6E0351}.Debug|Any CPU.Deploy.0 = Debug|Any CPU
		{04BECD05-2CB5-491B-951A-65127C6E0351}.Release|Any CPU.ActiveCfg = Release|Any CPU
		{04BECD05-2CB5-491B-951A-65127C6E0351}.Release|Any CPU.Build.0 = Release|Any CPU
		{04BECD05-2CB5-491B-951A-65127C6E0351}.Release|Any CPU.Deploy.0 = Release|Any CPU
		{10B7252B-9FC6-48CC-B07E-162AA314D44A}.Debug|Any CPU.ActiveCfg = Debug|Any CPU
		{10B7252B-9FC6-48CC-B07E-162AA314D44A}.Debug|Any CPU.Build.0 = Debug|Any CPU
		{10B7252B-9FC6-48CC-B07E-162AA314D44A}.Release|Any CPU.ActiveCfg = Release|Any CPU
		{10B7252B-9FC6-48CC-B07E-162AA314D44A}.Release|Any CPU.Build.0 = Release|Any CPU
		{20FD2325-ABDC-483D-9BAC-8D67BBA09B81}.Debug|Any CPU.ActiveCfg = Debug|Any CPU
		{20FD2325-ABDC-483D-9BAC-8D67BBA09B81}.Debug|Any CPU.Build.0 = Debug|Any CPU
		{20FD2325-ABDC-483D-9BAC-8D67BBA09B81}.Release|Any CPU.ActiveCfg = Release|Any CPU
		{20FD2325-ABDC-483D-9BAC-8D67BBA09B81}.Release|Any CPU.Build.0 = Release|Any CPU
		{7704C50B-22DC-467C-AD00-708A397FB572}.Debug|Any CPU.ActiveCfg = Debug|Any CPU
		{7704C50B-22DC-467C-AD00-708A397FB572}.Debug|Any CPU.Build.0 = Debug|Any CPU
		{7704C50B-22DC-467C-AD00-708A397FB572}.Release|Any CPU.ActiveCfg = Release|Any CPU
		{7704C50B-22DC-467C-AD00-708A397FB572}.Release|Any CPU.Build.0 = Release|Any CPU
		{5569B534-6696-466A-A508-28B215D0BB92}.Debug|Any CPU.ActiveCfg = Debug|Any CPU
		{5569B534-6696-466A-A508-28B215D0BB92}.Debug|Any CPU.Build.0 = Debug|Any CPU
		{5569B534-6696-466A-A508-28B215D0BB92}.Release|Any CPU.ActiveCfg = Release|Any CPU
		{5569B534-6696-466A-A508-28B215D0BB92}.Release|Any CPU.Build.0 = Release|Any CPU
		{71066363-718C-4BC7-AC66-79BA2AE29CCD}.Debug|Any CPU.ActiveCfg = Debug|Any CPU
		{71066363-718C-4BC7-AC66-79BA2AE29CCD}.Debug|Any CPU.Build.0 = Debug|Any CPU
		{71066363-718C-4BC7-AC66-79BA2AE29CCD}.Release|Any CPU.ActiveCfg = Release|Any CPU
		{71066363-718C-4BC7-AC66-79BA2AE29CCD}.Release|Any CPU.Build.0 = Release|Any CPU
		{69E620BE-5D39-46B1-B637-6F89AD0ADCDC}.Debug|Any CPU.ActiveCfg = Debug|Any CPU
		{69E620BE-5D39-46B1-B637-6F89AD0ADCDC}.Debug|Any CPU.Build.0 = Debug|Any CPU
		{69E620BE-5D39-46B1-B637-6F89AD0ADCDC}.Release|Any CPU.ActiveCfg = Release|Any CPU
		{69E620BE-5D39-46B1-B637-6F89AD0ADCDC}.Release|Any CPU.Build.0 = Release|Any CPU
		{69ECE08B-3E97-4E2E-978E-5F32DFA9BEF1}.Debug|Any CPU.ActiveCfg = Debug|Any CPU
		{69ECE08B-3E97-4E2E-978E-5F32DFA9BEF1}.Debug|Any CPU.Build.0 = Debug|Any CPU
		{69ECE08B-3E97-4E2E-978E-5F32DFA9BEF1}.Release|Any CPU.ActiveCfg = Release|Any CPU
		{69ECE08B-3E97-4E2E-978E-5F32DFA9BEF1}.Release|Any CPU.Build.0 = Release|Any CPU
	EndGlobalSection
	GlobalSection(SolutionProperties) = preSolution
		HideSolutionNode = FALSE
	EndGlobalSection
	GlobalSection(NestedProjects) = preSolution
		{8EBD7A35-EBC5-45A1-8EC5-DE0E428837BA} = {C09DF1E8-6AC4-403D-BAE0-4F716F9C0A8B}
		{9FD85CB8-DAFC-4B92-8199-52C94217453E} = {5C1CD4C4-F32F-4721-9678-3B75714C835E}
		{F81B6A25-42E8-4601-A0A8-AA9997D3D716} = {5C1CD4C4-F32F-4721-9678-3B75714C835E}
		{A8965E01-C536-4D95-B083-EECF75E0B036} = {5C1CD4C4-F32F-4721-9678-3B75714C835E}
		{6CC6EEA3-3EB1-4D34-B01F-4619F99CC025} = {4795123D-C0BD-417E-B889-0D19D2848F8C}
		{04BECD05-2CB5-491B-951A-65127C6E0351} = {4795123D-C0BD-417E-B889-0D19D2848F8C}
		{10B7252B-9FC6-48CC-B07E-162AA314D44A} = {91473ED3-EA37-42A6-AC4F-7D487187257A}
		{20FD2325-ABDC-483D-9BAC-8D67BBA09B81} = {5C1CD4C4-F32F-4721-9678-3B75714C835E}
		{7704C50B-22DC-467C-AD00-708A397FB572} = {91473ED3-EA37-42A6-AC4F-7D487187257A}
		{5569B534-6696-466A-A508-28B215D0BB92} = {4795123D-C0BD-417E-B889-0D19D2848F8C}
		{71066363-718C-4BC7-AC66-79BA2AE29CCD} = {84313201-8AFD-486F-A63D-1F59A065745E}
		{69E620BE-5D39-46B1-B637-6F89AD0ADCDC} = {84313201-8AFD-486F-A63D-1F59A065745E}
		{69ECE08B-3E97-4E2E-978E-5F32DFA9BEF1} = {84313201-8AFD-486F-A63D-1F59A065745E}
	EndGlobalSection
	GlobalSection(ExtensibilityGlobals) = postSolution
		SolutionGuid = {FA2D1ACA-541D-409B-8863-CA8CCDE96118}
	EndGlobalSection
EndGlobal
